PODS:
  - Flutter (1.0.0)
  - getuiflut (0.0.1):
    - Flutter
    - GTSDK
  - GTSDK (2.4.0.0)

DEPENDENCIES:
  - Flutter (from `.symlinks/flutter/ios`)
  - getuiflut (from `.symlinks/plugins/getuiflut/ios`)

SPEC REPOS:
  https://github.com/cocoapods/specs.git:
    - GTSDK

EXTERNAL SOURCES:
  Flutter:
    :path: ".symlinks/flutter/ios"
  getuiflut:
    :path: ".symlinks/plugins/getuiflut/ios"

SPEC CHECKSUMS:
  Flutter: 58dd7d1b27887414a370fcccb9e645c08ffd7a6a
  getuiflut: 231aa31a9104c92b454dec1572cd9d8951101172
  GTSDK: bba418c3949cd5450b004c7ff0e2fe297fa98565

PODFILE CHECKSUM: 1eb3dfeeaa1e6d7f89306d749bdbf76755cd2ef9

COCOAPODS: 1.7.2
